---
lockfileVersion: 1
lockfileVendor: redhat
arches:
- arch: x86_64
  packages:
  - url: https://cdn-ubi.redhat.com/content/public/ubi/dist/ubi8/8/x86_64/baseos/os/Packages/l/libsemanage-2.9-9.el8_6.x86_64.rpm
    repoid: ubi-8-baseos-rpms
    size: 172128
    checksum: sha256:1f686a73273028ca85b5a6ac858292d7b7d2fcbe379d6912ba12fc0a49ac4cce
    name: libsemanage
    evr: 2.9-9.el8_6
    sourcerpm: libsemanage-2.9-9.el8_6.src.rpm
  - url: https://cdn-ubi.redhat.com/content/public/ubi/dist/ubi8/8/x86_64/baseos/os/Packages/s/shadow-utils-4.6-22.el8.x86_64.rpm
    repoid: ubi-8-baseos-rpms
    size: 1292332
    checksum: sha256:ea73ee201451bbca0d6d14ca434c93800f01c8fb1b9daef727a5af1a27356d07
    name: shadow-utils
    evr: 2:4.6-22.el8
    sourcerpm: shadow-utils-4.6-22.el8.src.rpm
  source: []
  module_metadata: []